
Microsoft Visual Studio Solution File, Format Version 12.00
# Visual Studio 14
VisualStudioVersion = 14.0.25420.1
MinimumVisualStudioVersion = 10.0.40219.1
Project("{FAE04EC0-301F-11D3-BF4B-00C04F79EFBC}") = "MP3Randomizer2.UI", "MP3 Randomizer 2\MP3Randomizer2.UI.csproj", "{E27B99D6-8CBA-446D-814E-D7D165A2BCA1}"
EndProject
Project("{FAE04EC0-301F-11D3-BF4B-00C04F79EFBC}") = "MP3Randomizer2.Core", "MP3Randomizer2.Core\MP3Randomizer2.Core.csproj", "{19EFCCB5-DE3C-4C53-841C-4B54ACFD58AD}"
EndProject
Project("{FAE04EC0-301F-11D3-BF4B-00C04F79EFBC}") = "MP3Randomizer2.Tests", "MP3Randomizer2.Tests\MP3Randomizer2.Tests.csproj", "{EFDDBC65-E573-4C46-9A78-E490AEA470FD}"
EndProject
Global
	GlobalSection(SolutionConfigurationPlatforms) = preSolution
		Debug|Any CPU = Debug|Any CPU
		Release|Any CPU = Release|Any CPU
	EndGlobalSection
	GlobalSection(ProjectConfigurationPlatforms) = postSolution
		{E27B99D6-8CBA-446D-814E-D7D165A2BCA1}.Debug|Any CPU.ActiveCfg = Debug|Any CPU
		{E27B99D6-8CBA-446D-814E-D7D165A2BCA1}.Debug|Any CPU.Build.0 = Debug|Any CPU
		{E27B99D6-8CBA-446D-814E-D7D165A2BCA1}.Release|Any CPU.ActiveCfg = Release|Any CPU
		{E27B99D6-8CBA-446D-814E-D7D165A2BCA1}.Release|Any CPU.Build.0 = Release|Any CPU
		{19EFCCB5-DE3C-4C53-841C-4B54ACFD58AD}.Debug|Any CPU.ActiveCfg = Debug|Any CPU
		{19EFCCB5-DE3C-4C53-841C-4B54ACFD58AD}.Debug|Any CPU.Build.0 = Debug|Any CPU
		{19EFCCB5-DE3C-4C53-841C-4B54ACFD58AD}.Release|Any CPU.ActiveCfg = Release|Any CPU
		{19EFCCB5-DE3C-4C53-841C-4B54ACFD58AD}.Release|Any CPU.Build.0 = Release|Any CPU
		{EFDDBC65-E573-4C46-9A78-E490AEA470FD}.Debug|Any CPU.ActiveCfg = Debug|Any CPU
		{EFDDBC65-E573-4C46-9A78-E490AEA470FD}.Debug|Any CPU.Build.0 = Debug|Any CPU
		{EFDDBC65-E573-4C46-9A78-E490AEA470FD}.Release|Any CPU.ActiveCfg = Release|Any CPU
		{EFDDBC65-E573-4C46-9A78-E490AEA470FD}.Release|Any CPU.Build.0 = Release|Any CPU
	EndGlobalSection
	GlobalSection(SolutionProperties) = preSolution
		HideSolutionNode = FALSE
	EndGlobalSection
EndGlobal
